
Microsoft Visual Studio Solution File, Format Version 12.00
# Visual Studio Version 17
VisualStudioVersion = 17.5.002.0
MinimumVisualStudioVersion = 10.0.40219.1
Project("{9A19103F-16F7-4668-BE54-9A1E7A4F7556}") = "vz-generator", "vz-generator.csproj", "{BE34D12E-3CC0-4012-B97C-BD38E981FAB0}"
EndProject
Global
	GlobalSection(SolutionConfigurationPlatforms) = preSolution
		Debug|Any CPU = Debug|Any CPU
		Release|Any CPU = Release|Any CPU
	EndGlobalSection
	GlobalSection(ProjectConfigurationPlatforms) = postSolution
		{BE34D12E-3CC0-4012-B97C-BD38E981FAB0}.Debug|Any CPU.ActiveCfg = Debug|Any CPU
		{BE34D12E-3CC0-4012-B97C-BD38E981FAB0}.Debug|Any CPU.Build.0 = Debug|Any CPU
		{BE34D12E-3CC0-4012-B97C-BD38E981FAB0}.Release|Any CPU.ActiveCfg = Release|Any CPU
		{BE34D12E-3CC0-4012-B97C-BD38E981FAB0}.Release|Any CPU.Build.0 = Release|Any CPU
	EndGlobalSection
	GlobalSection(SolutionProperties) = preSolution
		HideSolutionNode = FALSE
	EndGlobalSection
	GlobalSection(ExtensibilityGlobals) = postSolution
		SolutionGuid = {5E2B32DA-AD19-40F5-BCFF-93DA19467BE9}
	EndGlobalSection
EndGlobal
